// !$*UTF8*$!
{
	archiveVersion = 1;
	classes = {
	};
	objectVersion = 56;
	objects = {

/* Begin PBXBuildFile section */
		EC0EE4CB29E2A626004C3185 /* MeasureApp.swift in Sources */ = {isa = PBXBuildFile; fileRef = EC0EE4CA29E2A626004C3185 /* MeasureApp.swift */; };
		EC0EE4CD29E2A626004C3185 /* ContentView.swift in Sources */ = {isa = PBXBuildFile; fileRef = EC0EE4CC29E2A626004C3185 /* ContentView.swift */; };
		EC0EE4CF29E2A627004C3185 /* Assets.xcassets in Resources */ = {isa = PBXBuildFile; fileRef = EC0EE4CE29E2A627004C3185 /* Assets.xcassets */; };
		EC0EE4D229E2A627004C3185 /* Preview Assets.xcassets in Resources */ = {isa = PBXBuildFile; fileRef = EC0EE4D129E2A627004C3185 /* Preview Assets.xcassets */; };
		EC0EE4DC29E2A628004C3185 /* MeasureTests.swift in Sources */ = {isa = PBXBuildFile; fileRef = EC0EE4DB29E2A628004C3185 /* MeasureTests.swift */; };
		EC0EE4E629E2A628004C3185 /* MeasureUITests.swift in Sources */ = {isa = PBXBuildFile; fileRef = EC0EE4E529E2A628004C3185 /* MeasureUITests.swift */; };
		EC0EE4E829E2A628004C3185 /* MeasureUITestsLaunchTests.swift in Sources */ = {isa = PBXBuildFile; fileRef = EC0EE4E729E2A628004C3185 /* MeasureUITestsLaunchTests.swift */; };
/* End PBXBuildFile section */

/* Begin PBXContainerItemProxy section */
		EC0EE4D829E2A628004C3185 /* PBXContainerItemProxy */ = {
			isa = PBXContainerItemProxy;
			containerPortal = EC0EE4BF29E2A626004C3185 /* Project object */;
			proxyType = 1;
			remoteGlobalIDString = EC0EE4C629E2A626004C3185;
			remoteInfo = Measure;
		};
		EC0EE4E229E2A628004C3185 /* PBXContainerItemProxy */ = {
			isa = PBXContainerItemProxy;
			containerPortal = EC0EE4BF29E2A626004C3185 /* Project object */;
			proxyType = 1;
			remoteGlobalIDString = EC0EE4C629E2A626004C3185;
			remoteInfo = Measure;
		};
/* End PBXContainerItemProxy section */

/* Begin PBXFileReference section */
		EC0EE4C729E2A626004C3185 /* Measure.app */ = {isa = PBXFileReference; explicitFileType = wrapper.application; includeInIndex = 0; path = Measure.app; sourceTree = BUILT_PRODUCTS_DIR; };
		EC0EE4CA29E2A626004C3185 /* MeasureApp.swift */ = {isa = PBXFileReference; lastKnownFileType = sourcecode.swift; path = MeasureApp.swift; sourceTree = "<group>"; };
		EC0EE4CC29E2A626004C3185 /* ContentView.swift */ = {isa = PBXFileReference; lastKnownFileType = sourcecode.swift; path = ContentView.swift; sourceTree = "<group>"; };
		EC0EE4CE29E2A627004C3185 /* Assets.xcassets */ = {isa = PBXFileReference; lastKnownFileType = folder.assetcatalog; path = Assets.xcassets; sourceTree = "<group>"; };
		EC0EE4D129E2A627004C3185 /* Preview Assets.xcassets */ = {isa = PBXFileReference; lastKnownFileType = folder.assetcatalog; path = "Preview Assets.xcassets"; sourceTree = "<group>"; };
		EC0EE4D729E2A628004C3185 /* MeasureTests.xctest */ = {isa = PBXFileReference; explicitFileType = wrapper.cfbundle; includeInIndex = 0; path = MeasureTests.xctest; sourceTree = BUILT_PRODUCTS_DIR; };
		EC0EE4DB29E2A628004C3185 /* MeasureTests.swift */ = {isa = PBXFileReference; lastKnownFileType = sourcecode.swift; path = MeasureTests.swift; sourceTree = "<group>"; };
		EC0EE4E129E2A628004C3185 /* MeasureUITests.xctest */ = {isa = PBXFileReference; explicitFileType = wrapper.cfbundle; includeInIndex = 0; path = MeasureUITests.xctest; sourceTree = BUILT_PRODUCTS_DIR; };
		EC0EE4E529E2A628004C3185 /* MeasureUITests.swift */ = {isa = PBXFileReference; lastKnownFileType = sourcecode.swift; path = MeasureUITests.swift; sourceTree = "<group>"; };
		EC0EE4E729E2A628004C3185 /* MeasureUITestsLaunchTests.swift */ = {isa = PBXFileReference; lastKnownFileType = sourcecode.swift; path = MeasureUITestsLaunchTests.swift; sourceTree = "<group>"; };
/* End PBXFileReference section */

/* Begin PBXFrameworksBuildPhase section */
		EC0EE4C429E2A626004C3185 /* Frameworks */ = {
			isa = PBXFrameworksBuildPhase;
			buildActionMask = 2147483647;
			files = (
			);
			runOnlyForDeploymentPostprocessing = 0;
		};
		EC0EE4D429E2A628004C3185 /* Frameworks */ = {
			isa = PBXFrameworksBuildPhase;
			buildActionMask = 2147483647;
			files = (
			);
			runOnlyForDeploymentPostprocessing = 0;
		};
		EC0EE4DE29E2A628004C3185 /* Frameworks */ = {
			isa = PBXFrameworksBuildPhase;
			buildActionMask = 2147483647;
			files = (
			);
			runOnlyForDeploymentPostprocessing = 0;
		};
/* End PBXFrameworksBuildPhase section */

/* Begin PBXGroup section */
		EC0EE4BE29E2A626004C3185 = {
			isa = PBXGroup;
			children = (
				EC0EE4C929E2A626004C3185 /* Measure */,
				EC0EE4DA29E2A628004C3185 /* MeasureTests */,
				EC0EE4E429E2A628004C3185 /* MeasureUITests */,
				EC0EE4C829E2A626004C3185 /* Products */,
			);
			sourceTree = "<group>";
		};
		EC0EE4C829E2A626004C3185 /* Products */ = {
			isa = PBXGroup;
			children = (
				EC0EE4C729E2A626004C3185 /* Measure.app */,
				EC0EE4D729E2A628004C3185 /* MeasureTests.xctest */,
				EC0EE4E129E2A628004C3185 /* MeasureUITests.xctest */,
			);
			name = Products;
			sourceTree = "<group>";
		};
		EC0EE4C929E2A626004C3185 /* Measure */ = {
			isa = PBXGroup;
			children = (
				EC0EE4CA29E2A626004C3185 /* MeasureApp.swift */,
				EC0EE4CC29E2A626004C3185 /* ContentView.swift */,
				EC0EE4CE29E2A627004C3185 /* Assets.xcassets */,
				EC0EE4D029E2A627004C3185 /* Preview Content */,
			);
			path = Measure;
			sourceTree = "<group>";
		};
		EC0EE4D029E2A627004C3185 /* Preview Content */ = {
			isa = PBXGroup;
			children = (
				EC0EE4D129E2A627004C3185 /* Preview Assets.xcassets */,
			);
			path = "Preview Content";
			sourceTree = "<group>";
		};
		EC0EE4DA29E2A628004C3185 /* MeasureTests */ = {
			isa = PBXGroup;
			children = (
				EC0EE4DB29E2A628004C3185 /* MeasureTests.swift */,
			);
			path = MeasureTests;
			sourceTree = "<group>";
		};
		EC0EE4E429E2A628004C3185 /* MeasureUITests */ = {
			isa = PBXGroup;
			children = (
				EC0EE4E529E2A628004C3185 /* MeasureUITests.swift */,
				EC0EE4E729E2A628004C3185 /* MeasureUITestsLaunchTests.swift */,
			);
			path = MeasureUITests;
			sourceTree = "<group>";
		};
/* End PBXGroup section */

/* Begin PBXNativeTarget section */
		EC0EE4C629E2A626004C3185 /* Measure */ = {
			isa = PBXNativeTarget;
			buildConfigurationList = EC0EE4EB29E2A628004C3185 /* Build configuration list for PBXNativeTarget "Measure" */;
			buildPhases = (
				EC0EE4C329E2A626004C3185 /* Sources */,
				EC0EE4C429E2A626004C3185 /* Frameworks */,
				EC0EE4C529E2A626004C3185 /* Resources */,
			);
			buildRules = (
			);
			dependencies = (
			);
			name = Measure;
			productName = Measure;
			productReference = EC0EE4C729E2A626004C3185 /* Measure.app */;
			productType = "com.apple.product-type.application";
		};
		EC0EE4D629E2A628004C3185 /* MeasureTests */ = {
			isa = PBXNativeTarget;
			buildConfigurationList = EC0EE4EE29E2A628004C3185 /* Build configuration list for PBXNativeTarget "MeasureTests" */;
			buildPhases = (
				EC0EE4D329E2A628004C3185 /* Sources */,
				EC0EE4D429E2A628004C3185 /* Frameworks */,
				EC0EE4D529E2A628004C3185 /* Resources */,
			);
			buildRules = (
			);
			dependencies = (
				EC0EE4D929E2A628004C3185 /* PBXTargetDependency */,
			);
			name = MeasureTests;
			productName = MeasureTests;
			productReference = EC0EE4D729E2A628004C3185 /* MeasureTests.xctest */;
			productType = "com.apple.product-type.bundle.unit-test";
		};
		EC0EE4E029E2A628004C3185 /* MeasureUITests */ = {
			isa = PBXNativeTarget;
			buildConfigurationList = EC0EE4F129E2A628004C3185 /* Build configuration list for PBXNativeTarget "MeasureUITests" */;
			buildPhases = (
				EC0EE4DD29E2A628004C3185 /* Sources */,
				EC0EE4DE29E2A628004C3185 /* Frameworks */,
				EC0EE4DF29E2A628004C3185 /* Resources */,
			);
			buildRules = (
			);
			dependencies = (
				EC0EE4E329E2A628004C3185 /* PBXTargetDependency */,
			);
			name = MeasureUITests;
			productName = MeasureUITests;
			productReference = EC0EE4E129E2A628004C3185 /* MeasureUITests.xctest */;
			productType = "com.apple.product-type.bundle.ui-testing";
		};
/* End PBXNativeTarget section */

/* Begin PBXProject section */
		EC0EE4BF29E2A626004C3185 /* Project object */ = {
			isa = PBXProject;
			attributes = {
				BuildIndependentTargetsInParallel = 1;
				LastSwiftUpdateCheck = 1420;
				LastUpgradeCheck = 1420;
				TargetAttributes = {
					EC0EE4C629E2A626004C3185 = {
						CreatedOnToolsVersion = 14.2;
					};
					EC0EE4D629E2A628004C3185 = {
						CreatedOnToolsVersion = 14.2;
						TestTargetID = EC0EE4C629E2A626004C3185;
					};
					EC0EE4E029E2A628004C3185 = {
						CreatedOnToolsVersion = 14.2;
						TestTargetID = EC0EE4C629E2A626004C3185;
					};
				};
			};
			buildConfigurationList = EC0EE4C229E2A626004C3185 /* Build configuration list for PBXProject "Measure" */;
			compatibilityVersion = "Xcode 14.0";
			developmentRegion = en;
			hasScannedForEncodings = 0;
			knownRegions = (
				en,
				Base,
			);
			mainGroup = EC0EE4BE29E2A626004C3185;
			productRefGroup = EC0EE4C829E2A626004C3185 /* Products */;
			projectDirPath = "";
			projectRoot = "";
			targets = (
				EC0EE4C629E2A626004C3185 /* Measure */,
				EC0EE4D629E2A628004C3185 /* MeasureTests */,
				EC0EE4E029E2A628004C3185 /* MeasureUITests */,
			);
		};
/* End PBXProject section */

/* Begin PBXResourcesBuildPhase section */
		EC0EE4C529E2A626004C3185 /* Resources */ = {
			isa = PBXResourcesBuildPhase;
			buildActionMask = 2147483647;
			files = (
				EC0EE4D229E2A627004C3185 /* Preview Assets.xcassets in Resources */,
				EC0EE4CF29E2A627004C3185 /* Assets.xcassets in Resources */,
			);
			runOnlyForDeploymentPostprocessing = 0;
		};
		EC0EE4D529E2A628004C3185 /* Resources */ = {
			isa = PBXResourcesBuildPhase;
			buildActionMask = 2147483647;
			files = (
			);
			runOnlyForDeploymentPostprocessing = 0;
		};
		EC0EE4DF29E2A628004C3185 /* Resources */ = {
			isa = PBXResourcesBuildPhase;
			buildActionMask = 2147483647;
			files = (
			);
			runOnlyForDeploymentPostprocessing = 0;
		};
/* End PBXResourcesBuildPhase section */

/* Begin PBXSourcesBuildPhase section */
		EC0EE4C329E2A626004C3185 /* Sources */ = {
			isa = PBXSourcesBuildPhase;
			buildActionMask = 2147483647;
			files = (
				EC0EE4CD29E2A626004C3185 /* ContentView.swift in Sources */,
				EC0EE4CB29E2A626004C3185 /* MeasureApp.swift in Sources */,
			);
			runOnlyForDeploymentPostprocessing = 0;
		};
		EC0EE4D329E2A628004C3185 /* Sources */ = {
			isa = PBXSourcesBuildPhase;
			buildActionMask = 2147483647;
			files = (
				EC0EE4DC29E2A628004C3185 /* MeasureTests.swift in Sources */,
			);
			runOnlyForDeploymentPostprocessing = 0;
		};
		EC0EE4DD29E2A628004C3185 /* Sources */ = {
			isa = PBXSourcesBuildPhase;
			buildActionMask = 2147483647;
			files = (
				EC0EE4E629E2A628004C3185 /* MeasureUITests.swift in Sources */,
				EC0EE4E829E2A628004C3185 /* MeasureUITestsLaunchTests.swift in Sources */,
			);
			runOnlyForDeploymentPostprocessing = 0;
		};
/* End PBXSourcesBuildPhase section */

/* Begin PBXTargetDependency section */
		EC0EE4D929E2A628004C3185 /* PBXTargetDependency */ = {
			isa = PBXTargetDependency;
			target = EC0EE4C629E2A626004C3185 /* Measure */;
			targetProxy = EC0EE4D829E2A628004C3185 /* PBXContainerItemProxy */;
		};
		EC0EE4E329E2A628004C3185 /* PBXTargetDependency */ = {
			isa = PBXTargetDependency;
			target = EC0EE4C629E2A626004C3185 /* Measure */;
			targetProxy = EC0EE4E229E2A628004C3185 /* PBXContainerItemProxy */;
		};
/* End PBXTargetDependency section */

/* Begin XCBuildConfiguration section */
		EC0EE4E929E2A628004C3185 /* Debug */ = {
			isa = XCBuildConfiguration;
			buildSettings = {
				ALWAYS_SEARCH_USER_PATHS = NO;
				CLANG_ANALYZER_NONNULL = YES;
				CLANG_ANALYZER_NUMBER_OBJECT_CONVERSION = YES_AGGRESSIVE;
				CLANG_CXX_LANGUAGE_STANDARD = "gnu++20";
				CLANG_ENABLE_MODULES = YES;
				CLANG_ENABLE_OBJC_ARC = YES;
				CLANG_ENABLE_OBJC_WEAK = YES;
				CLANG_WARN_BLOCK_CAPTURE_AUTORELEASING = YES;
				CLANG_WARN_BOOL_CONVERSION = YES;
				CLANG_WARN_COMMA = YES;
				CLANG_WARN_CONSTANT_CONVERSION = YES;
				CLANG_WARN_DEPRECATED_OBJC_IMPLEMENTATIONS = YES;
				CLANG_WARN_DIRECT_OBJC_ISA_USAGE = YES_ERROR;
				CLANG_WARN_DOCUMENTATION_COMMENTS = YES;
				CLANG_WARN_EMPTY_BODY = YES;
				CLANG_WARN_ENUM_CONVERSION = YES;
				CLANG_WARN_INFINITE_RECURSION = YES;
				CLANG_WARN_INT_CONVERSION = YES;
				CLANG_WARN_NON_LITERAL_NULL_CONVERSION = YES;
				CLANG_WARN_OBJC_IMPLICIT_RETAIN_SELF = YES;
				CLANG_WARN_OBJC_LITERAL_CONVERSION = YES;
				CLANG_WARN_OBJC_ROOT_CLASS = YES_ERROR;
				CLANG_WARN_QUOTED_INCLUDE_IN_FRAMEWORK_HEADER = YES;
				CLANG_WARN_RANGE_LOOP_ANALYSIS = YES;
				CLANG_WARN_STRICT_PROTOTYPES = YES;
				CLANG_WARN_SUSPICIOUS_MOVE = YES;
				CLANG_WARN_UNGUARDED_AVAILABILITY = YES_AGGRESSIVE;
				CLANG_WARN_UNREACHABLE_CODE = YES;
				CLANG_WARN__DUPLICATE_METHOD_MATCH = YES;
				COPY_PHASE_STRIP = NO;
				DEBUG_INFORMATION_FORMAT = dwarf;
				ENABLE_STRICT_OBJC_MSGSEND = YES;
				ENABLE_TESTABILITY = YES;
				GCC_C_LANGUAGE_STANDARD = gnu11;
				GCC_DYNAMIC_NO_PIC = NO;
				GCC_NO_COMMON_BLOCKS = YES;
				GCC_OPTIMIZATION_LEVEL = 0;
				GCC_PREPROCESSOR_DEFINITIONS = (
					"DEBUG=1",
					"$(inherited)",
				);
				GCC_WARN_64_TO_32_BIT_CONVERSION = YES;
				GCC_WARN_ABOUT_RETURN_TYPE = YES_ERROR;
				GCC_WARN_UNDECLARED_SELECTOR = YES;
				GCC_WARN_UNINITIALIZED_AUTOS = YES_AGGRESSIVE;
				GCC_WARN_UNUSED_FUNCTION = YES;
				GCC_WARN_UNUSED_VARIABLE = YES;
				IPHONEOS_DEPLOYMENT_TARGET = 16.2;
				MTL_ENABLE_DEBUG_INFO = INCLUDE_SOURCE;
				MTL_FAST_MATH = YES;
				ONLY_ACTIVE_ARCH = YES;
				SDKROOT = iphoneos;
				SWIFT_ACTIVE_COMPILATION_CONDITIONS = DEBUG;
				SWIFT_OPTIMIZATION_LEVEL = "-Onone";
			};
			name = Debug;
		};
		EC0EE4EA29E2A628004C3185 /* Release */ = {
			isa = XCBuildConfiguration;
			buildSettings = {
				ALWAYS_SEARCH_USER_PATHS = NO;
				CLANG_ANALYZER_NONNULL = YES;
				CLANG_ANALYZER_NUMBER_OBJECT_CONVERSION = YES_AGGRESSIVE;
				CLANG_CXX_LANGUAGE_STANDARD = "gnu++20";
				CLANG_ENABLE_MODULES = YES;
				CLANG_ENABLE_OBJC_ARC = YES;
				CLANG_ENABLE_OBJC_WEAK = YES;
				CLANG_WARN_BLOCK_CAPTURE_AUTORELEASING = YES;
				CLANG_WARN_BOOL_CONVERSION = YES;
				CLANG_WARN_COMMA = YES;
				CLANG_WARN_CONSTANT_CONVERSION = YES;
				CLANG_WARN_DEPRECATED_OBJC_IMPLEMENTATIONS = YES;
				CLANG_WARN_DIRECT_OBJC_ISA_USAGE = YES_ERROR;
				CLANG_WARN_DOCUMENTATION_COMMENTS = YES;
				CLANG_WARN_EMPTY_BODY = YES;
				CLANG_WARN_ENUM_CONVERSION = YES;
				CLANG_WARN_INFINITE_RECURSION = YES;
				CLANG_WARN_INT_CONVERSION = YES;
				CLANG_WARN_NON_LITERAL_NULL_CONVERSION = YES;
				CLANG_WARN_OBJC_IMPLICIT_RETAIN_SELF = YES;
				CLANG_WARN_OBJC_LITERAL_CONVERSION = YES;
				CLANG_WARN_OBJC_ROOT_CLASS = YES_ERROR;
				CLANG_WARN_QUOTED_INCLUDE_IN_FRAMEWORK_HEADER = YES;
				CLANG_WARN_RANGE_LOOP_ANALYSIS = YES;
				CLANG_WARN_STRICT_PROTOTYPES = YES;
				CLANG_WARN_SUSPICIOUS_MOVE = YES;
				CLANG_WARN_UNGUARDED_AVAILABILITY = YES_AGGRESSIVE;
				CLANG_WARN_UNREACHABLE_CODE = YES;
				CLANG_WARN__DUPLICATE_METHOD_MATCH = YES;
				COPY_PHASE_STRIP = NO;
				DEBUG_INFORMATION_FORMAT = "dwarf-with-dsym";
				ENABLE_NS_ASSERTIONS = NO;
				ENABLE_STRICT_OBJC_MSGSEND = YES;
				GCC_C_LANGUAGE_STANDARD = gnu11;
				GCC_NO_COMMON_BLOCKS = YES;
				GCC_WARN_64_TO_32_BIT_CONVERSION = YES;
				GCC_WARN_ABOUT_RETURN_TYPE = YES_ERROR;
				GCC_WARN_UNDECLARED_SELECTOR = YES;
				GCC_WARN_UNINITIALIZED_AUTOS = YES_AGGRESSIVE;
				GCC_WARN_UNUSED_FUNCTION = YES;
				GCC_WARN_UNUSED_VARIABLE = YES;
				IPHONEOS_DEPLOYMENT_TARGET = 16.2;
				MTL_ENABLE_DEBUG_INFO = NO;
				MTL_FAST_MATH = YES;
				SDKROOT = iphoneos;
				SWIFT_COMPILATION_MODE = wholemodule;
				SWIFT_OPTIMIZATION_LEVEL = "-O";
				VALIDATE_PRODUCT = YES;
			};
			name = Release;
		};
		EC0EE4EC29E2A628004C3185 /* Debug */ = {
			isa = XCBuildConfiguration;
			buildSettings = {
				ASSETCATALOG_COMPILER_APPICON_NAME = AppIcon;
				ASSETCATALOG_COMPILER_GLOBAL_ACCENT_COLOR_NAME = AccentColor;
				CODE_SIGN_STYLE = Automatic;
				CURRENT_PROJECT_VERSION = 1;
				DEVELOPMENT_ASSET_PATHS = "\"Measure/Preview Content\"";
				DEVELOPMENT_TEAM = VLH8W5K4X7;
				ENABLE_PREVIEWS = YES;
				GENERATE_INFOPLIST_FILE = YES;
				INFOPLIST_KEY_UIApplicationSceneManifest_Generation = YES;
				INFOPLIST_KEY_UIApplicationSupportsIndirectInputEvents = YES;
				INFOPLIST_KEY_UILaunchScreen_Generation = YES;
				INFOPLIST_KEY_UISupportedInterfaceOrientations_iPad = "UIInterfaceOrientationPortrait UIInterfaceOrientationPortraitUpsideDown UIInterfaceOrientationLandscapeLeft UIInterfaceOrientationLandscapeRight";
				INFOPLIST_KEY_UISupportedInterfaceOrientations_iPhone = "UIInterfaceOrientationPortrait UIInterfaceOrientationLandscapeLeft UIInterfaceOrientationLandscapeRight";
				LD_RUNPATH_SEARCH_PATHS = (
					"$(inherited)",
					"@executable_path/Frameworks",
				);
				MARKETING_VERSION = 1.0;
				PRODUCT_BUNDLE_IDENTIFIER = com.lettech.Measure;
				PRODUCT_NAME = "$(TARGET_NAME)";
				SWIFT_EMIT_LOC_STRINGS = YES;
				SWIFT_VERSION = 5.0;
				TARGETED_DEVICE_FAMILY = "1,2";
			};
			name = Debug;
		};
		EC0EE4ED29E2A628004C3185 /* Release */ = {
			isa = XCBuildConfiguration;
			buildSettings = {
				ASSETCATALOG_COMPILER_APPICON_NAME = AppIcon;
				ASSETCATALOG_COMPILER_GLOBAL_ACCENT_COLOR_NAME = AccentColor;
				CODE_SIGN_STYLE = Automatic;
				CURRENT_PROJECT_VERSION = 1;
				DEVELOPMENT_ASSET_PATHS = "\"Measure/Preview Content\"";
				DEVELOPMENT_TEAM = VLH8W5K4X7;
				ENABLE_PREVIEWS = YES;
				GENERATE_INFOPLIST_FILE = YES;
				INFOPLIST_KEY_UIApplicationSceneManifest_Generation = YES;
				INFOPLIST_KEY_UIApplicationSupportsIndirectInputEvents = YES;
				INFOPLIST_KEY_UILaunchScreen_Generation = YES;
				INFOPLIST_KEY_UISupportedInterfaceOrientations_iPad = "UIInterfaceOrientationPortrait UIInterfaceOrientationPortraitUpsideDown UIInterfaceOrientationLandscapeLeft UIInterfaceOrientationLandscapeRight";
				INFOPLIST_KEY_UISupportedInterfaceOrientations_iPhone = "UIInterfaceOrientationPortrait UIInterfaceOrientationLandscapeLeft UIInterfaceOrientationLandscapeRight";
				LD_RUNPATH_SEARCH_PATHS = (
					"$(inherited)",
					"@executable_path/Frameworks",
				);
				MARKETING_VERSION = 1.0;
				PRODUCT_BUNDLE_IDENTIFIER = com.lettech.Measure;
				PRODUCT_NAME = "$(TARGET_NAME)";
				SWIFT_EMIT_LOC_STRINGS = YES;
				SWIFT_VERSION = 5.0;
				TARGETED_DEVICE_FAMILY = "1,2";
			};
			name = Release;
		};
		EC0EE4EF29E2A628004C3185 /* Debug */ = {
			isa = XCBuildConfiguration;
			buildSettings = {
				ALWAYS_EMBED_SWIFT_STANDARD_LIBRARIES = YES;
				BUNDLE_LOADER = "$(TEST_HOST)";
				CODE_SIGN_STYLE = Automatic;
				CURRENT_PROJECT_VERSION = 1;
				DEVELOPMENT_TEAM = VLH8W5K4X7;
				GENERATE_INFOPLIST_FILE = YES;
				IPHONEOS_DEPLOYMENT_TARGET = 16.2;
				MARKETING_VERSION = 1.0;
				PRODUCT_BUNDLE_IDENTIFIER = com.lettech.MeasureTests;
				PRODUCT_NAME = "$(TARGET_NAME)";
				SWIFT_EMIT_LOC_STRINGS = NO;
				SWIFT_VERSION = 5.0;
				TARGETED_DEVICE_FAMILY = "1,2";
				TEST_HOST = "$(BUILT_PRODUCTS_DIR)/Measure.app/$(BUNDLE_EXECUTABLE_FOLDER_PATH)/Measure";
			};
			name = Debug;
		};
		EC0EE4F029E2A628004C3185 /* Release */ = {
			isa = XCBuildConfiguration;
			buildSettings = {
				ALWAYS_EMBED_SWIFT_STANDARD_LIBRARIES = YES;
				BUNDLE_LOADER = "$(TEST_HOST)";
				CODE_SIGN_STYLE = Automatic;
				CURRENT_PROJECT_VERSION = 1;
				DEVELOPMENT_TEAM = VLH8W5K4X7;
				GENERATE_INFOPLIST_FILE = YES;
				IPHONEOS_DEPLOYMENT_TARGET = 16.2;
				MARKETING_VERSION = 1.0;
				PRODUCT_BUNDLE_IDENTIFIER = com.lettech.MeasureTests;
				PRODUCT_NAME = "$(TARGET_NAME)";
				SWIFT_EMIT_LOC_STRINGS = NO;
				SWIFT_VERSION = 5.0;
				TARGETED_DEVICE_FAMILY = "1,2";
				TEST_HOST = "$(BUILT_PRODUCTS_DIR)/Measure.app/$(BUNDLE_EXECUTABLE_FOLDER_PATH)/Measure";
			};
			name = Release;
		};
		EC0EE4F229E2A628004C3185 /* Debug */ = {
			isa = XCBuildConfiguration;
			buildSettings = {
				ALWAYS_EMBED_SWIFT_STANDARD_LIBRARIES = YES;
				CODE_SIGN_STYLE = Automatic;
				CURRENT_PROJECT_VERSION = 1;
				DEVELOPMENT_TEAM = VLH8W5K4X7;
				GENERATE_INFOPLIST_FILE = YES;
				MARKETING_VERSION = 1.0;
				PRODUCT_BUNDLE_IDENTIFIER = com.lettech.MeasureUITests;
				PRODUCT_NAME = "$(TARGET_NAME)";
				SWIFT_EMIT_LOC_STRINGS = NO;
				SWIFT_VERSION = 5.0;
				TARGETED_DEVICE_FAMILY = "1,2";
				TEST_TARGET_NAME = Measure;
			};
			name = Debug;
		};
		EC0EE4F329E2A628004C3185 /* Release */ = {
			isa = XCBuildConfiguration;
			buildSettings = {
				ALWAYS_EMBED_SWIFT_STANDARD_LIBRARIES = YES;
				CODE_SIGN_STYLE = Automatic;
				CURRENT_PROJECT_VERSION = 1;
				DEVELOPMENT_TEAM = VLH8W5K4X7;
				GENERATE_INFOPLIST_FILE = YES;
				MARKETING_VERSION = 1.0;
				PRODUCT_BUNDLE_IDENTIFIER = com.lettech.MeasureUITests;
				PRODUCT_NAME = "$(TARGET_NAME)";
				SWIFT_EMIT_LOC_STRINGS = NO;
				SWIFT_VERSION = 5.0;
				TARGETED_DEVICE_FAMILY = "1,2";
				TEST_TARGET_NAME = Measure;
			};
			name = Release;
		};
/* End XCBuildConfiguration section */

/* Begin XCConfigurationList section */
		EC0EE4C229E2A626004C3185 /* Build configuration list for PBXProject "Measure" */ = {
			isa = XCConfigurationList;
			buildConfigurations = (
				EC0EE4E929E2A628004C3185 /* Debug */,
				EC0EE4EA29E2A628004C3185 /* Release */,
			);
			defaultConfigurationIsVisible = 0;
			defaultConfigurationName = Release;
		};
		EC0EE4EB29E2A628004C3185 /* Build configuration list for PBXNativeTarget "Measure" */ = {
			isa = XCConfigurationList;
			buildConfigurations = (
				EC0EE4EC29E2A628004C3185 /* Debug */,
				EC0EE4ED29E2A628004C3185 /* Release */,
			);
			defaultConfigurationIsVisible = 0;
			defaultConfigurationName = Release;
		};
		EC0EE4EE29E2A628004C3185 /* Build configuration list for PBXNativeTarget "MeasureTests" */ = {
			isa = XCConfigurationList;
			buildConfigurations = (
				EC0EE4EF29E2A628004C3185 /* Debug */,
				EC0EE4F029E2A628004C3185 /* Release */,
			);
			defaultConfigurationIsVisible = 0;
			defaultConfigurationName = Release;
		};
		EC0EE4F129E2A628004C3185 /* Build configuration list for PBXNativeTarget "MeasureUITests" */ = {
			isa = XCConfigurationList;
			buildConfigurations = (
				EC0EE4F229E2A628004C3185 /* Debug */,
				EC0EE4F329E2A628004C3185 /* Release */,
			);
			defaultConfigurationIsVisible = 0;
			defaultConfigurationName = Release;
		};
/* End XCConfigurationList section */
	};
	rootObject = EC0EE4BF29E2A626004C3185 /* Project object */;
}
